
Microsoft Visual Studio Solution File, Format Version 12.00
# Visual Studio Version 17
VisualStudioVersion = 17.12.35527.113
MinimumVisualStudioVersion = 10.0.40219.1
Project("{FAE04EC0-301F-11D3-BF4B-00C04F79EFBC}") = "MonoPlus", "..\MonoPlus\MonoPlus\MonoPlus.csproj", "{54CC84A9-306C-4EF0-8218-A30EFDABE31C}"
EndProject
Project("{FAE04EC0-301F-11D3-BF4B-00C04F79EFBC}") = "DerelictDimension", "DerelictDimension\DerelictDimension.csproj", "{C6F0E7C0-F281-4AC7-84FB-E38082381CD0}"
EndProject
Project("{2150E333-8FDC-42A3-9474-1A3956D46DE8}") = "Solution Items", "Solution Items", "{DD7724BA-A7C0-46E5-B6D2-443C1D5E32C2}"
	ProjectSection(SolutionItems) = preProject
		.gitignore = .gitignore
		LICENSE.txt = LICENSE.txt
		README.md = README.md
	EndProjectSection
EndProject
Project("{FAE04EC0-301F-11D3-BF4B-00C04F79EFBC}") = "SDL3.Core", "..\MonoPlus\SDL3-CS\SDL3\SDL3.Core.csproj", "{EDAF96BA-4B6C-435F-A4DB-C256B5B9D61E}"
EndProject
Global
	GlobalSection(SolutionConfigurationPlatforms) = preSolution
		Debug|Any CPU = Debug|Any CPU
		Release|Any CPU = Release|Any CPU
	EndGlobalSection
	GlobalSection(ProjectConfigurationPlatforms) = postSolution
		{54CC84A9-306C-4EF0-8218-A30EFDABE31C}.Debug|Any CPU.ActiveCfg = Debug|Any CPU
		{54CC84A9-306C-4EF0-8218-A30EFDABE31C}.Debug|Any CPU.Build.0 = Debug|Any CPU
		{54CC84A9-306C-4EF0-8218-A30EFDABE31C}.Release|Any CPU.ActiveCfg = Release|Any CPU
		{54CC84A9-306C-4EF0-8218-A30EFDABE31C}.Release|Any CPU.Build.0 = Release|Any CPU
		{C6F0E7C0-F281-4AC7-84FB-E38082381CD0}.Debug|Any CPU.ActiveCfg = Debug|Any CPU
		{C6F0E7C0-F281-4AC7-84FB-E38082381CD0}.Debug|Any CPU.Build.0 = Debug|Any CPU
		{C6F0E7C0-F281-4AC7-84FB-E38082381CD0}.Release|Any CPU.ActiveCfg = Release|Any CPU
		{C6F0E7C0-F281-4AC7-84FB-E38082381CD0}.Release|Any CPU.Build.0 = Release|Any CPU
		{EDAF96BA-4B6C-435F-A4DB-C256B5B9D61E}.Debug|Any CPU.ActiveCfg = Debug|Any CPU
		{EDAF96BA-4B6C-435F-A4DB-C256B5B9D61E}.Debug|Any CPU.Build.0 = Debug|Any CPU
		{EDAF96BA-4B6C-435F-A4DB-C256B5B9D61E}.Release|Any CPU.ActiveCfg = Release|Any CPU
		{EDAF96BA-4B6C-435F-A4DB-C256B5B9D61E}.Release|Any CPU.Build.0 = Release|Any CPU
	EndGlobalSection
	GlobalSection(SolutionProperties) = preSolution
		HideSolutionNode = FALSE
	EndGlobalSection
EndGlobal
