
Microsoft Visual Studio Solution File, Format Version 12.00
# Visual Studio Version 18
VisualStudioVersion = 18.2.11415.280
MinimumVisualStudioVersion = 10.0.40219.1
Project("{2150E333-8FDC-42A3-9474-1A3956D46DE8}") = "Solution Items", "Solution Items", "{DD7724BA-A7C0-46E5-B6D2-443C1D5E32C2}"
	ProjectSection(SolutionItems) = preProject
		.editorconfig = .editorconfig
		.gitignore = .gitignore
		EXITCODES.txt = EXITCODES.txt
		LICENSE.txt = LICENSE.txt
		README.md = README.md
		..\Monod\LICENSE.txt = ..\Monod\LICENSE.txt
		..\Monod\README.md = ..\Monod\README.md
	EndProjectSection
EndProject
Project("{FAE04EC0-301F-11D3-BF4B-00C04F79EFBC}") = "DerelictDimension", "src\DerelictDimension.csproj", "{92AD4022-02A2-4794-A9FC-35FAB432275A}"
EndProject
Project("{FAE04EC0-301F-11D3-BF4B-00C04F79EFBC}") = "SDL3.Core", "..\Monod\src\SDL3-CS\SDL3\SDL3.Core.csproj", "{86CA5C14-0FF0-550B-6ED1-FC4A81DF261D}"
EndProject
Project("{FAE04EC0-301F-11D3-BF4B-00C04F79EFBC}") = "Monod.Shared", "..\Monod\src\Shared\Monod.Shared.csproj", "{E3FF57F7-932C-8583-1CF7-6D2D68837413}"
EndProject
Project("{FAE04EC0-301F-11D3-BF4B-00C04F79EFBC}") = "MSBuildTasks", "..\Monod\src\MSBuildTasks\MSBuildTasks.csproj", "{D66AED84-3524-3BA9-B260-83C5C0D8B9AA}"
EndProject
Project("{FAE04EC0-301F-11D3-BF4B-00C04F79EFBC}") = "Monod.Tests", "..\Monod\src\Monod.Tests\Monod.Tests.csproj", "{A021C939-7ABB-B4AB-DD33-ED18F2439A03}"
EndProject
Project("{FAE04EC0-301F-11D3-BF4B-00C04F79EFBC}") = "Monod.Examples", "..\Monod\src\Monod.Examples\Monod.Examples.csproj", "{EA43164D-011B-B9D4-C4FE-0D1B3C845575}"
EndProject
Project("{FAE04EC0-301F-11D3-BF4B-00C04F79EFBC}") = "Monod", "..\Monod\src\Main\Monod.csproj", "{52918C37-DD1F-A385-36F4-D8C100961882}"
EndProject
Global
	GlobalSection(SolutionConfigurationPlatforms) = preSolution
		Debug|Any CPU = Debug|Any CPU
		Release|Any CPU = Release|Any CPU
	EndGlobalSection
	GlobalSection(ProjectConfigurationPlatforms) = postSolution
		{92AD4022-02A2-4794-A9FC-35FAB432275A}.Debug|Any CPU.ActiveCfg = Debug|Any CPU
		{92AD4022-02A2-4794-A9FC-35FAB432275A}.Debug|Any CPU.Build.0 = Debug|Any CPU
		{92AD4022-02A2-4794-A9FC-35FAB432275A}.Release|Any CPU.ActiveCfg = Release|Any CPU
		{92AD4022-02A2-4794-A9FC-35FAB432275A}.Release|Any CPU.Build.0 = Release|Any CPU
		{86CA5C14-0FF0-550B-6ED1-FC4A81DF261D}.Debug|Any CPU.ActiveCfg = Debug|Any CPU
		{86CA5C14-0FF0-550B-6ED1-FC4A81DF261D}.Debug|Any CPU.Build.0 = Debug|Any CPU
		{86CA5C14-0FF0-550B-6ED1-FC4A81DF261D}.Release|Any CPU.ActiveCfg = Release|Any CPU
		{86CA5C14-0FF0-550B-6ED1-FC4A81DF261D}.Release|Any CPU.Build.0 = Release|Any CPU
		{E3FF57F7-932C-8583-1CF7-6D2D68837413}.Debug|Any CPU.ActiveCfg = Debug|Any CPU
		{E3FF57F7-932C-8583-1CF7-6D2D68837413}.Debug|Any CPU.Build.0 = Debug|Any CPU
		{E3FF57F7-932C-8583-1CF7-6D2D68837413}.Release|Any CPU.ActiveCfg = Release|Any CPU
		{E3FF57F7-932C-8583-1CF7-6D2D68837413}.Release|Any CPU.Build.0 = Release|Any CPU
		{D66AED84-3524-3BA9-B260-83C5C0D8B9AA}.Debug|Any CPU.ActiveCfg = Debug|Any CPU
		{D66AED84-3524-3BA9-B260-83C5C0D8B9AA}.Debug|Any CPU.Build.0 = Debug|Any CPU
		{D66AED84-3524-3BA9-B260-83C5C0D8B9AA}.Release|Any CPU.ActiveCfg = Release|Any CPU
		{D66AED84-3524-3BA9-B260-83C5C0D8B9AA}.Release|Any CPU.Build.0 = Release|Any CPU
		{A021C939-7ABB-B4AB-DD33-ED18F2439A03}.Debug|Any CPU.ActiveCfg = Debug|Any CPU
		{A021C939-7ABB-B4AB-DD33-ED18F2439A03}.Debug|Any CPU.Build.0 = Debug|Any CPU
		{A021C939-7ABB-B4AB-DD33-ED18F2439A03}.Release|Any CPU.ActiveCfg = Release|Any CPU
		{A021C939-7ABB-B4AB-DD33-ED18F2439A03}.Release|Any CPU.Build.0 = Release|Any CPU
		{EA43164D-011B-B9D4-C4FE-0D1B3C845575}.Debug|Any CPU.ActiveCfg = Debug|Any CPU
		{EA43164D-011B-B9D4-C4FE-0D1B3C845575}.Debug|Any CPU.Build.0 = Debug|Any CPU
		{EA43164D-011B-B9D4-C4FE-0D1B3C845575}.Release|Any CPU.ActiveCfg = Release|Any CPU
		{EA43164D-011B-B9D4-C4FE-0D1B3C845575}.Release|Any CPU.Build.0 = Release|Any CPU
		{52918C37-DD1F-A385-36F4-D8C100961882}.Debug|Any CPU.ActiveCfg = Debug|Any CPU
		{52918C37-DD1F-A385-36F4-D8C100961882}.Debug|Any CPU.Build.0 = Debug|Any CPU
		{52918C37-DD1F-A385-36F4-D8C100961882}.Release|Any CPU.ActiveCfg = Release|Any CPU
		{52918C37-DD1F-A385-36F4-D8C100961882}.Release|Any CPU.Build.0 = Release|Any CPU
	EndGlobalSection
	GlobalSection(SolutionProperties) = preSolution
		HideSolutionNode = FALSE
	EndGlobalSection
	GlobalSection(ExtensibilityGlobals) = postSolution
		SolutionGuid = {B61FEC84-93FB-4965-9029-75AE40EA8683}
	EndGlobalSection
EndGlobal
