
Microsoft Visual Studio Solution File, Format Version 12.00
# Visual Studio Version 17
VisualStudioVersion = 17.12.35527.113
MinimumVisualStudioVersion = 10.0.40219.1
Project("{2150E333-8FDC-42A3-9474-1A3956D46DE8}") = "Solution Items", "Solution Items", "{DD7724BA-A7C0-46E5-B6D2-443C1D5E32C2}"
	ProjectSection(SolutionItems) = preProject
		.editorconfig = .editorconfig
		.gitignore = .gitignore
		EXITCODES.txt = EXITCODES.txt
		LICENSE.txt = LICENSE.txt
		README.md = README.md
	EndProjectSection
EndProject
Project("{FAE04EC0-301F-11D3-BF4B-00C04F79EFBC}") = "DerelictDimension", "src\DerelictDimension.csproj", "{92AD4022-02A2-4794-A9FC-35FAB432275A}"
EndProject
Project("{FAE04EC0-301F-11D3-BF4B-00C04F79EFBC}") = "Monod", "..\Monod\src\Monod.csproj", "{9DC5793A-07D0-414B-8355-902B55CF5C99}"
EndProject
Project("{FAE04EC0-301F-11D3-BF4B-00C04F79EFBC}") = "SDL3.Core", "..\Monod\SDL3-CS\SDL3\SDL3.Core.csproj", "{AB2107DC-3CCD-4511-B5DD-3D7EE7EC3BBB}"
EndProject
Project("{FAE04EC0-301F-11D3-BF4B-00C04F79EFBC}") = "MSBuildTasks", "..\Monod\MSBuildTasks\MSBuildTasks.csproj", "{EEA2D2DC-AD47-4ADF-8949-4638BBD8ED9B}"
EndProject
Project("{FAE04EC0-301F-11D3-BF4B-00C04F79EFBC}") = "Monod.Tests", "..\Monod\Monod.Tests\Monod.Tests.csproj", "{5D21AC90-91F2-4456-979F-92D795FA33BD}"
EndProject
Project("{FAE04EC0-301F-11D3-BF4B-00C04F79EFBC}") = "Monod.Examples", "..\Monod\Monod.Examples\Monod.Examples.csproj", "{B308A938-27C0-4BDD-A55C-AB99AB01FE13}"
EndProject
Global
	GlobalSection(SolutionConfigurationPlatforms) = preSolution
		Debug|Any CPU = Debug|Any CPU
		Release|Any CPU = Release|Any CPU
	EndGlobalSection
	GlobalSection(ProjectConfigurationPlatforms) = postSolution
		{92AD4022-02A2-4794-A9FC-35FAB432275A}.Debug|Any CPU.ActiveCfg = Debug|Any CPU
		{92AD4022-02A2-4794-A9FC-35FAB432275A}.Debug|Any CPU.Build.0 = Debug|Any CPU
		{92AD4022-02A2-4794-A9FC-35FAB432275A}.Release|Any CPU.ActiveCfg = Release|Any CPU
		{92AD4022-02A2-4794-A9FC-35FAB432275A}.Release|Any CPU.Build.0 = Release|Any CPU
		{9DC5793A-07D0-414B-8355-902B55CF5C99}.Debug|Any CPU.ActiveCfg = Debug|Any CPU
		{9DC5793A-07D0-414B-8355-902B55CF5C99}.Debug|Any CPU.Build.0 = Debug|Any CPU
		{9DC5793A-07D0-414B-8355-902B55CF5C99}.Release|Any CPU.ActiveCfg = Release|Any CPU
		{9DC5793A-07D0-414B-8355-902B55CF5C99}.Release|Any CPU.Build.0 = Release|Any CPU
		{AB2107DC-3CCD-4511-B5DD-3D7EE7EC3BBB}.Debug|Any CPU.ActiveCfg = Debug|Any CPU
		{AB2107DC-3CCD-4511-B5DD-3D7EE7EC3BBB}.Debug|Any CPU.Build.0 = Debug|Any CPU
		{AB2107DC-3CCD-4511-B5DD-3D7EE7EC3BBB}.Release|Any CPU.ActiveCfg = Release|Any CPU
		{AB2107DC-3CCD-4511-B5DD-3D7EE7EC3BBB}.Release|Any CPU.Build.0 = Release|Any CPU
		{EEA2D2DC-AD47-4ADF-8949-4638BBD8ED9B}.Debug|Any CPU.ActiveCfg = Debug|Any CPU
		{EEA2D2DC-AD47-4ADF-8949-4638BBD8ED9B}.Debug|Any CPU.Build.0 = Debug|Any CPU
		{EEA2D2DC-AD47-4ADF-8949-4638BBD8ED9B}.Release|Any CPU.ActiveCfg = Release|Any CPU
		{EEA2D2DC-AD47-4ADF-8949-4638BBD8ED9B}.Release|Any CPU.Build.0 = Release|Any CPU
		{5D21AC90-91F2-4456-979F-92D795FA33BD}.Debug|Any CPU.ActiveCfg = Debug|Any CPU
		{5D21AC90-91F2-4456-979F-92D795FA33BD}.Debug|Any CPU.Build.0 = Debug|Any CPU
		{5D21AC90-91F2-4456-979F-92D795FA33BD}.Release|Any CPU.ActiveCfg = Release|Any CPU
		{5D21AC90-91F2-4456-979F-92D795FA33BD}.Release|Any CPU.Build.0 = Release|Any CPU
		{B308A938-27C0-4BDD-A55C-AB99AB01FE13}.Debug|Any CPU.ActiveCfg = Debug|Any CPU
		{B308A938-27C0-4BDD-A55C-AB99AB01FE13}.Debug|Any CPU.Build.0 = Debug|Any CPU
		{B308A938-27C0-4BDD-A55C-AB99AB01FE13}.Release|Any CPU.ActiveCfg = Release|Any CPU
		{B308A938-27C0-4BDD-A55C-AB99AB01FE13}.Release|Any CPU.Build.0 = Release|Any CPU
	EndGlobalSection
	GlobalSection(SolutionProperties) = preSolution
		HideSolutionNode = FALSE
	EndGlobalSection
	GlobalSection(ExtensibilityGlobals) = postSolution
		SolutionGuid = {B61FEC84-93FB-4965-9029-75AE40EA8683}
	EndGlobalSection
EndGlobal
